{
  "name": "kash-web",
  "version": "0.2.0",
  "lockfileVersion": 3,
  "requires": true,
  "packages": {
    "": {
      "name": "kash-web",
      "version": "0.2.0",
      "dependencies": {
        "@internationalized/date": "3.12.2",
        "bits-ui": "2.18.1",
        "openapi-fetch": "0.17.0"
      },
      "devDependencies": {
        "@sveltejs/adapter-static": "3.0.10",
        "@sveltejs/kit": "2.66.0",
        "@sveltejs/vite-plugin-svelte": "7.1.2",
        "@types/node": "22.20.0",
        "openapi-typescript": "7.13.0",
        "oxfmt": "0.55.0",
        "oxlint": "1.70.0",
        "svelte": "5.56.3",
        "svelte-check": "4.6.0",
        "typescript": "6.0.3",
        "vite": "8.0.16",
        "vitest": "4.1.9"
      }
    },
    "node_modules/@babel/code-frame": {
      "version": "7.29.7",
      "dev": true,
      "license": "MIT",
      "dependencies": {
        "@babel/helper-validator-identifier": "^7.29.7",
        "js-tokens": "^4.0.0",
        "picocolors": "^1.1.1"
      },
      "engines": {
        "node": ">=6.9.0"
      }
    },
    "node_modules/@babel/helper-validator-identifier": {
      "version": "7.29.7",
      "dev": true,
      "license": "MIT",
      "engines": {
        "node": ">=6.9.0"
      }
    },
    "node_modules/@floating-ui/core": {
      "version": "1.7.5",
      "license": "MIT",
      "dependencies": {
        "@floating-ui/utils": "^0.2.11"
      }
    },
    "node_modules/@floating-ui/dom": {
      "version": "1.7.6",
      "license": "MIT",
      "dependencies": {
        "@floating-ui/core": "^1.7.5",
        "@floating-ui/utils": "^0.2.11"
      }
    },
    "node_modules/@floating-ui/utils": {
      "version": "0.2.11",
      "license": "MIT"
    },
    "node_modules/@internationalized/date": {
      "version": "3.12.2",
      "license": "Apache-2.0",
      "dependencies": {
        "@swc/helpers": "^0.5.0"
      }
    },
    "node_modules/@jridgewell/gen-mapping": {
      "version": "0.3.13",
      "dev": true,
      "license": "MIT",
      "dependencies": {
        "@jridgewell/sourcemap-codec": "^1.5.0",
        "@jridgewell/trace-mapping": "^0.3.24"
      }
    },
    "node_modules/@jridgewell/remapping": {
      "version": "2.3.5",
      "dev": true,
      "license": "MIT",
      "dependencies": {
        "@jridgewell/gen-mapping": "^0.3.5",
        "@jridgewell/trace-mapping": "^0.3.24"
      }
    },
    "node_modules/@jridgewell/resolve-uri": {
      "version": "3.1.2",
      "dev": true,
      "license": "MIT",
      "engines": {
        "node": ">=6.0.0"
      }
    },
    "node_modules/@jridgewell/sourcemap-codec": {
      "version": "1.5.5",
      "dev": true,
      "license": "MIT"
    },
    "node_modules/@jridgewell/trace-mapping": {
      "version": "0.3.31",
      "dev": true,
      "license": "MIT",
      "dependencies": {
        "@jridgewell/resolve-uri": "^3.1.0",
        "@jridgewell/sourcemap-codec": "^1.4.14"
      }
    },
    "node_modules/@oxc-project/types": {
      "version": "0.133.0",
      "dev": true,
      "license": "MIT",
      "funding": {
        "url": "https://github.com/sponsors/Boshen"
      }
    },
    "node_modules/@oxfmt/binding-darwin-arm64": {
      "version": "0.55.0",
      "cpu": [
        "arm64"
      ],
      "dev": true,
      "license": "MIT",
      "optional": true,
      "os": [
        "darwin"
      ],
      "engines": {
        "node": "^20.19.0 || >=22.12.0"
      }
    },
    "node_modules/@oxlint/binding-darwin-arm64": {
      "version": "1.70.0",
      "cpu": [
        "arm64"
      ],
      "dev": true,
      "license": "MIT",
      "optional": true,
      "os": [
        "darwin"
      ],
      "engines": {
        "node": "^20.19.0 || >=22.12.0"
      }
    },
    "node_modules/@polka/url": {
      "version": "1.0.0-next.29",
      "dev": true,
      "license": "MIT"
    },
    "node_modules/@redocly/ajv": {
      "version": "8.11.2",
      "dev": true,
      "license": "MIT",
      "dependencies": {
        "fast-deep-equal": "^3.1.1",
        "json-schema-traverse": "^1.0.0",
        "require-from-string": "^2.0.2",
        "uri-js-replace": "^1.0.1"
      },
      "funding": {
        "type": "github",
        "url": "https://github.com/sponsors/epoberezkin"
      }
    },
    "node_modules/@redocly/config": {
      "version": "0.22.0",
      "dev": true,
      "license": "MIT"
    },
    "node_modules/@redocly/openapi-core": {
      "version": "1.34.15",
      "dev": true,
      "license": "MIT",
      "dependencies": {
        "@redocly/ajv": "8.11.2",
        "@redocly/config": "0.22.0",
        "colorette": "1.4.0",
        "https-proxy-agent": "7.0.6",
        "js-levenshtein": "1.1.6",
        "js-yaml": "4.1.1",
        "minimatch": "5.1.9",
        "pluralize": "8.0.0",
        "yaml-ast-parser": "0.0.43"
      },
      "engines": {
        "node": ">=18.17.0",
        "npm": ">=9.5.0"
      }
    },
    "node_modules/@rolldown/binding-darwin-arm64": {
      "version": "1.0.3",
      "cpu": [
        "arm64"
      ],
      "dev": true,
      "license": "MIT",
      "optional": true,
      "os": [
        "darwin"
      ],
      "engines": {
        "node": "^20.19.0 || >=22.12.0"
      }
    },
    "node_modules/@rolldown/pluginutils": {
      "version": "1.0.1",
      "dev": true,
      "license": "MIT"
    },
    "node_modules/@standard-schema/spec": {
      "version": "1.1.0",
      "dev": true,
      "license": "MIT"
    },
    "node_modules/@sveltejs/acorn-typescript": {
      "version": "1.0.10",
      "dev": true,
      "license": "MIT",
      "peerDependencies": {
        "acorn": "^8.9.0"
      }
    },
    "node_modules/@sveltejs/adapter-static": {
      "version": "3.0.10",
      "dev": true,
      "license": "MIT",
      "peerDependencies": {
        "@sveltejs/kit": "^2.0.0"
      }
    },
    "node_modules/@sveltejs/kit": {
      "version": "2.66.0",
      "dev": true,
      "license": "MIT",
      "dependencies": {
        "@standard-schema/spec": "^1.0.0",
        "@sveltejs/acorn-typescript": "^1.0.9",
        "@types/cookie": "^0.6.0",
        "acorn": "^8.16.0",
        "cookie": "^0.6.0",
        "devalue": "^5.8.1",
        "esm-env": "^1.2.2",
        "kleur": "^4.1.5",
        "magic-string": "^0.30.5",
        "mrmime": "^2.0.0",
        "set-cookie-parser": "^3.0.0",
        "sirv": "^3.0.0"
      },
      "bin": {
        "svelte-kit": "svelte-kit.js"
      },
      "engines": {
        "node": ">=18.13"
      },
      "peerDependencies": {
        "@opentelemetry/api": "^1.0.0",
        "@sveltejs/vite-plugin-svelte": "^3.0.0 || ^4.0.0-next.1 || ^5.0.0 || ^6.0.0-next.0 || ^7.0.0",
        "svelte": "^4.0.0 || ^5.0.0-next.0",
        "typescript": "^5.3.3 || ^6.0.0",
        "vite": "^5.0.3 || ^6.0.0 || ^7.0.0-beta.0 || ^8.0.0"
      },
      "peerDependenciesMeta": {
        "@opentelemetry/api": {
          "optional": true
        },
        "typescript": {
          "optional": true
        }
      }
    },
    "node_modules/@sveltejs/load-config": {
      "version": "0.1.1",
      "dev": true,
      "license": "MIT",
      "engines": {
        "node": ">= 18.0.0"
      }
    },
    "node_modules/@sveltejs/vite-plugin-svelte": {
      "version": "7.1.2",
      "dev": true,
      "license": "MIT",
      "dependencies": {
        "deepmerge": "^4.3.1",
        "magic-string": "^0.30.21",
        "obug": "^2.1.0",
        "vitefu": "^1.1.2"
      },
      "engines": {
        "node": "^20.19 || ^22.12 || >=24"
      },
      "peerDependencies": {
        "svelte": "^5.46.4",
        "vite": "^8.0.0-beta.7 || ^8.0.0"
      }
    },
    "node_modules/@swc/helpers": {
      "version": "0.5.23",
      "license": "Apache-2.0",
      "dependencies": {
        "tslib": "^2.8.0"
      }
    },
    "node_modules/@types/chai": {
      "version": "5.2.3",
      "dev": true,
      "license": "MIT",
      "dependencies": {
        "@types/deep-eql": "*",
        "assertion-error": "^2.0.1"
      }
    },
    "node_modules/@types/cookie": {
      "version": "0.6.0",
      "dev": true,
      "license": "MIT"
    },
    "node_modules/@types/deep-eql": {
      "version": "4.0.2",
      "dev": true,
      "license": "MIT"
    },
    "node_modules/@types/estree": {
      "version": "1.0.9",
      "dev": true,
      "license": "MIT"
    },
    "node_modules/@types/node": {
      "version": "22.20.0",
      "dev": true,
      "license": "MIT",
      "dependencies": {
        "undici-types": "~6.21.0"
      }
    },
    "node_modules/@types/trusted-types": {
      "version": "2.0.7",
      "dev": true,
      "license": "MIT"
    },
    "node_modules/@vitest/expect": {
      "version": "4.1.9",
      "dev": true,
      "license": "MIT",
      "dependencies": {
        "@standard-schema/spec": "^1.1.0",
        "@types/chai": "^5.2.2",
        "@vitest/spy": "4.1.9",
        "@vitest/utils": "4.1.9",
        "chai": "^6.2.2",
        "tinyrainbow": "^3.1.0"
      },
      "funding": {
        "url": "https://opencollective.com/vitest"
      }
    },
    "node_modules/@vitest/mocker": {
      "version": "4.1.9",
      "dev": true,
      "license": "MIT",
      "dependencies": {
        "@vitest/spy": "4.1.9",
        "estree-walker": "^3.0.3",
        "magic-string": "^0.30.21"
      },
      "funding": {
        "url": "https://opencollective.com/vitest"
      },
      "peerDependencies": {
        "msw": "^2.4.9",
        "vite": "^6.0.0 || ^7.0.0 || ^8.0.0"
      },
      "peerDependenciesMeta": {
        "msw": {
          "optional": true
        },
        "vite": {
          "optional": true
        }
      }
    },
    "node_modules/@vitest/pretty-format": {
      "version": "4.1.9",
      "dev": true,
      "license": "MIT",
      "dependencies": {
        "tinyrainbow": "^3.1.0"
      },
      "funding": {
        "url": "https://opencollective.com/vitest"
      }
    },
    "node_modules/@vitest/runner": {
      "version": "4.1.9",
      "dev": true,
      "license": "MIT",
      "dependencies": {
        "@vitest/utils": "4.1.9",
        "pathe": "^2.0.3"
      },
      "funding": {
        "url": "https://opencollective.com/vitest"
      }
    },
    "node_modules/@vitest/snapshot": {
      "version": "4.1.9",
      "dev": true,
      "license": "MIT",
      "dependencies": {
        "@vitest/pretty-format": "4.1.9",
        "@vitest/utils": "4.1.9",
        "magic-string": "^0.30.21",
        "pathe": "^2.0.3"
      },
      "funding": {
        "url": "https://opencollective.com/vitest"
      }
    },
    "node_modules/@vitest/spy": {
      "version": "4.1.9",
      "dev": true,
      "license": "MIT",
      "funding": {
        "url": "https://opencollective.com/vitest"
      }
    },
    "node_modules/@vitest/utils": {
      "version": "4.1.9",
      "dev": true,
      "license": "MIT",
      "dependencies": {
        "@vitest/pretty-format": "4.1.9",
        "convert-source-map": "^2.0.0",
        "tinyrainbow": "^3.1.0"
      },
      "funding": {
        "url": "https://opencollective.com/vitest"
      }
    },
    "node_modules/acorn": {
      "version": "8.17.0",
      "dev": true,
      "license": "MIT",
      "bin": {
        "acorn": "bin/acorn"
      },
      "engines": {
        "node": ">=0.4.0"
      }
    },
    "node_modules/agent-base": {
      "version": "7.1.4",
      "dev": true,
      "license": "MIT",
      "engines": {
        "node": ">= 14"
      }
    },
    "node_modules/ansi-colors": {
      "version": "4.1.3",
      "dev": true,
      "license": "MIT",
      "engines": {
        "node": ">=6"
      }
    },
    "node_modules/argparse": {
      "version": "2.0.1",
      "dev": true,
      "license": "Python-2.0"
    },
    "node_modules/aria-query": {
      "version": "5.3.1",
      "dev": true,
      "license": "Apache-2.0",
      "engines": {
        "node": ">= 0.4"
      }
    },
    "node_modules/assertion-error": {
      "version": "2.0.1",
      "dev": true,
      "license": "MIT",
      "engines": {
        "node": ">=12"
      }
    },
    "node_modules/axobject-query": {
      "version": "4.1.0",
      "dev": true,
      "license": "Apache-2.0",
      "engines": {
        "node": ">= 0.4"
      }
    },
    "node_modules/balanced-match": {
      "version": "1.0.2",
      "dev": true,
      "license": "MIT"
    },
    "node_modules/bits-ui": {
      "version": "2.18.1",
      "license": "MIT",
      "dependencies": {
        "@floating-ui/core": "^1.7.1",
        "@floating-ui/dom": "^1.7.1",
        "esm-env": "^1.1.2",
        "runed": "^0.35.1",
        "svelte-toolbelt": "^0.10.6",
        "tabbable": "^6.2.0"
      },
      "engines": {
        "node": ">=20"
      },
      "funding": {
        "url": "https://github.com/sponsors/huntabyte"
      },
      "peerDependencies": {
        "@internationalized/date": "^3.8.1",
        "svelte": "^5.33.0"
      }
    },
    "node_modules/brace-expansion": {
      "version": "2.1.1",
      "dev": true,
      "license": "MIT",
      "dependencies": {
        "balanced-match": "^1.0.0"
      }
    },
    "node_modules/chai": {
      "version": "6.2.2",
      "dev": true,
      "license": "MIT",
      "engines": {
        "node": ">=18"
      }
    },
    "node_modules/change-case": {
      "version": "5.4.4",
      "dev": true,
      "license": "MIT"
    },
    "node_modules/chokidar": {
      "version": "4.0.3",
      "dev": true,
      "license": "MIT",
      "dependencies": {
        "readdirp": "^4.0.1"
      },
      "engines": {
        "node": ">= 14.16.0"
      },
      "funding": {
        "url": "https://paulmillr.com/funding/"
      }
    },
    "node_modules/clsx": {
      "version": "2.1.1",
      "license": "MIT",
      "engines": {
        "node": ">=6"
      }
    },
    "node_modules/colorette": {
      "version": "1.4.0",
      "dev": true,
      "license": "MIT"
    },
    "node_modules/convert-source-map": {
      "version": "2.0.0",
      "dev": true,
      "license": "MIT"
    },
    "node_modules/cookie": {
      "version": "0.6.0",
      "dev": true,
      "license": "MIT",
      "engines": {
        "node": ">= 0.6"
      }
    },
    "node_modules/debug": {
      "version": "4.4.3",
      "dev": true,
      "license": "MIT",
      "dependencies": {
        "ms": "^2.1.3"
      },
      "engines": {
        "node": ">=6.0"
      },
      "peerDependenciesMeta": {
        "supports-color": {
          "optional": true
        }
      }
    },
    "node_modules/deepmerge": {
      "version": "4.3.1",
      "dev": true,
      "license": "MIT",
      "engines": {
        "node": ">=0.10.0"
      }
    },
    "node_modules/dequal": {
      "version": "2.0.3",
      "license": "MIT",
      "engines": {
        "node": ">=6"
      }
    },
    "node_modules/detect-libc": {
      "version": "2.1.2",
      "dev": true,
      "license": "Apache-2.0",
      "engines": {
        "node": ">=8"
      }
    },
    "node_modules/devalue": {
      "version": "5.8.1",
      "dev": true,
      "license": "MIT"
    },
    "node_modules/es-module-lexer": {
      "version": "2.1.0",
      "dev": true,
      "license": "MIT"
    },
    "node_modules/esm-env": {
      "version": "1.2.2",
      "license": "MIT"
    },
    "node_modules/esrap": {
      "version": "2.2.11",
      "dev": true,
      "license": "MIT",
      "dependencies": {
        "@jridgewell/sourcemap-codec": "^1.4.15"
      },
      "peerDependencies": {
        "@typescript-eslint/types": "^8.2.0"
      },
      "peerDependenciesMeta": {
        "@typescript-eslint/types": {
          "optional": true
        }
      }
    },
    "node_modules/estree-walker": {
      "version": "3.0.3",
      "dev": true,
      "license": "MIT",
      "dependencies": {
        "@types/estree": "^1.0.0"
      }
    },
    "node_modules/expect-type": {
      "version": "1.3.0",
      "dev": true,
      "license": "Apache-2.0",
      "engines": {
        "node": ">=12.0.0"
      }
    },
    "node_modules/fast-deep-equal": {
      "version": "3.1.3",
      "dev": true,
      "license": "MIT"
    },
    "node_modules/fdir": {
      "version": "6.5.0",
      "dev": true,
      "license": "MIT",
      "engines": {
        "node": ">=12.0.0"
      },
      "peerDependencies": {
        "picomatch": "^3 || ^4"
      },
      "peerDependenciesMeta": {
        "picomatch": {
          "optional": true
        }
      }
    },
    "node_modules/fsevents": {
      "version": "2.3.3",
      "dev": true,
      "license": "MIT",
      "optional": true,
      "os": [
        "darwin"
      ],
      "engines": {
        "node": "^8.16.0 || ^10.6.0 || >=11.0.0"
      }
    },
    "node_modules/https-proxy-agent": {
      "version": "7.0.6",
      "dev": true,
      "license": "MIT",
      "dependencies": {
        "agent-base": "^7.1.2",
        "debug": "4"
      },
      "engines": {
        "node": ">= 14"
      }
    },
    "node_modules/index-to-position": {
      "version": "1.2.0",
      "dev": true,
      "license": "MIT",
      "engines": {
        "node": ">=18"
      },
      "funding": {
        "url": "https://github.com/sponsors/sindresorhus"
      }
    },
    "node_modules/inline-style-parser": {
      "version": "0.2.7",
      "license": "MIT"
    },
    "node_modules/is-reference": {
      "version": "3.0.3",
      "dev": true,
      "license": "MIT",
      "dependencies": {
        "@types/estree": "^1.0.6"
      }
    },
    "node_modules/js-levenshtein": {
      "version": "1.1.6",
      "dev": true,
      "license": "MIT",
      "engines": {
        "node": ">=0.10.0"
      }
    },
    "node_modules/js-tokens": {
      "version": "4.0.0",
      "dev": true,
      "license": "MIT"
    },
    "node_modules/js-yaml": {
      "version": "4.1.1",
      "dev": true,
      "license": "MIT",
      "dependencies": {
        "argparse": "^2.0.1"
      },
      "bin": {
        "js-yaml": "bin/js-yaml.js"
      }
    },
    "node_modules/json-schema-traverse": {
      "version": "1.0.0",
      "dev": true,
      "license": "MIT"
    },
    "node_modules/kleur": {
      "version": "4.1.5",
      "dev": true,
      "license": "MIT",
      "engines": {
        "node": ">=6"
      }
    },
    "node_modules/lightningcss": {
      "version": "1.32.0",
      "dev": true,
      "license": "MPL-2.0",
      "dependencies": {
        "detect-libc": "^2.0.3"
      },
      "engines": {
        "node": ">= 12.0.0"
      },
      "funding": {
        "type": "opencollective",
        "url": "https://opencollective.com/parcel"
      },
      "optionalDependencies": {
        "lightningcss-android-arm64": "1.32.0",
        "lightningcss-darwin-arm64": "1.32.0",
        "lightningcss-darwin-x64": "1.32.0",
        "lightningcss-freebsd-x64": "1.32.0",
        "lightningcss-linux-arm-gnueabihf": "1.32.0",
        "lightningcss-linux-arm64-gnu": "1.32.0",
        "lightningcss-linux-arm64-musl": "1.32.0",
        "lightningcss-linux-x64-gnu": "1.32.0",
        "lightningcss-linux-x64-musl": "1.32.0",
        "lightningcss-win32-arm64-msvc": "1.32.0",
        "lightningcss-win32-x64-msvc": "1.32.0"
      }
    },
    "node_modules/lightningcss-darwin-arm64": {
      "version": "1.32.0",
      "cpu": [
        "arm64"
      ],
      "dev": true,
      "license": "MPL-2.0",
      "optional": true,
      "os": [
        "darwin"
      ],
      "engines": {
        "node": ">= 12.0.0"
      },
      "funding": {
        "type": "opencollective",
        "url": "https://opencollective.com/parcel"
      }
    },
    "node_modules/locate-character": {
      "version": "3.0.0",
      "dev": true,
      "license": "MIT"
    },
    "node_modules/lz-string": {
      "version": "1.5.0",
      "license": "MIT",
      "bin": {
        "lz-string": "bin/bin.js"
      }
    },
    "node_modules/magic-string": {
      "version": "0.30.21",
      "dev": true,
      "license": "MIT",
      "dependencies": {
        "@jridgewell/sourcemap-codec": "^1.5.5"
      }
    },
    "node_modules/minimatch": {
      "version": "5.1.9",
      "dev": true,
      "license": "ISC",
      "dependencies": {
        "brace-expansion": "^2.0.1"
      },
      "engines": {
        "node": ">=10"
      }
    },
    "node_modules/mri": {
      "version": "1.2.0",
      "dev": true,
      "license": "MIT",
      "engines": {
        "node": ">=4"
      }
    },
    "node_modules/mrmime": {
      "version": "2.0.1",
      "dev": true,
      "license": "MIT",
      "engines": {
        "node": ">=10"
      }
    },
    "node_modules/ms": {
      "version": "2.1.3",
      "dev": true,
      "license": "MIT"
    },
    "node_modules/nanoid": {
      "version": "3.3.14",
      "dev": true,
      "funding": [
        {
          "type": "github",
          "url": "https://github.com/sponsors/ai"
        }
      ],
      "license": "MIT",
      "bin": {
        "nanoid": "bin/nanoid.cjs"
      },
      "engines": {
        "node": "^10 || ^12 || ^13.7 || ^14 || >=15.0.1"
      }
    },
    "node_modules/obug": {
      "version": "2.1.3",
      "dev": true,
      "funding": [
        "https://github.com/sponsors/sxzz",
        "https://opencollective.com/debug"
      ],
      "license": "MIT",
      "engines": {
        "node": ">=12.20.0"
      }
    },
    "node_modules/openapi-fetch": {
      "version": "0.17.0",
      "license": "MIT",
      "dependencies": {
        "openapi-typescript-helpers": "^0.1.0"
      }
    },
    "node_modules/openapi-typescript": {
      "version": "7.13.0",
      "dev": true,
      "license": "MIT",
      "dependencies": {
        "@redocly/openapi-core": "^1.34.6",
        "ansi-colors": "^4.1.3",
        "change-case": "^5.4.4",
        "parse-json": "^8.3.0",
        "supports-color": "^10.2.2",
        "yargs-parser": "^21.1.1"
      },
      "bin": {
        "openapi-typescript": "bin/cli.js"
      },
      "peerDependencies": {
        "typescript": "^5.x"
      }
    },
    "node_modules/openapi-typescript-helpers": {
      "version": "0.1.0",
      "license": "MIT"
    },
    "node_modules/oxfmt": {
      "version": "0.55.0",
      "dev": true,
      "license": "MIT",
      "dependencies": {
        "tinypool": "2.1.0"
      },
      "bin": {
        "oxfmt": "bin/oxfmt"
      },
      "engines": {
        "node": "^20.19.0 || >=22.12.0"
      },
      "funding": {
        "url": "https://github.com/sponsors/Boshen"
      },
      "optionalDependencies": {
        "@oxfmt/binding-android-arm-eabi": "0.55.0",
        "@oxfmt/binding-android-arm64": "0.55.0",
        "@oxfmt/binding-darwin-arm64": "0.55.0",
        "@oxfmt/binding-darwin-x64": "0.55.0",
        "@oxfmt/binding-freebsd-x64": "0.55.0",
        "@oxfmt/binding-linux-arm-gnueabihf": "0.55.0",
        "@oxfmt/binding-linux-arm-musleabihf": "0.55.0",
        "@oxfmt/binding-linux-arm64-gnu": "0.55.0",
        "@oxfmt/binding-linux-arm64-musl": "0.55.0",
        "@oxfmt/binding-linux-ppc64-gnu": "0.55.0",
        "@oxfmt/binding-linux-riscv64-gnu": "0.55.0",
        "@oxfmt/binding-linux-riscv64-musl": "0.55.0",
        "@oxfmt/binding-linux-s390x-gnu": "0.55.0",
        "@oxfmt/binding-linux-x64-gnu": "0.55.0",
        "@oxfmt/binding-linux-x64-musl": "0.55.0",
        "@oxfmt/binding-openharmony-arm64": "0.55.0",
        "@oxfmt/binding-win32-arm64-msvc": "0.55.0",
        "@oxfmt/binding-win32-ia32-msvc": "0.55.0",
        "@oxfmt/binding-win32-x64-msvc": "0.55.0"
      },
      "peerDependencies": {
        "svelte": "^5.0.0",
        "vite-plus": "*"
      },
      "peerDependenciesMeta": {
        "svelte": {
          "optional": true
        },
        "vite-plus": {
          "optional": true
        }
      }
    },
    "node_modules/oxlint": {
      "version": "1.70.0",
      "dev": true,
      "license": "MIT",
      "bin": {
        "oxlint": "bin/oxlint"
      },
      "engines": {
        "node": "^20.19.0 || >=22.12.0"
      },
      "funding": {
        "url": "https://github.com/sponsors/Boshen"
      },
      "optionalDependencies": {
        "@oxlint/binding-android-arm-eabi": "1.70.0",
        "@oxlint/binding-android-arm64": "1.70.0",
        "@oxlint/binding-darwin-arm64": "1.70.0",
        "@oxlint/binding-darwin-x64": "1.70.0",
        "@oxlint/binding-freebsd-x64": "1.70.0",
        "@oxlint/binding-linux-arm-gnueabihf": "1.70.0",
        "@oxlint/binding-linux-arm-musleabihf": "1.70.0",
        "@oxlint/binding-linux-arm64-gnu": "1.70.0",
        "@oxlint/binding-linux-arm64-musl": "1.70.0",
        "@oxlint/binding-linux-ppc64-gnu": "1.70.0",
        "@oxlint/binding-linux-riscv64-gnu": "1.70.0",
        "@oxlint/binding-linux-riscv64-musl": "1.70.0",
        "@oxlint/binding-linux-s390x-gnu": "1.70.0",
        "@oxlint/binding-linux-x64-gnu": "1.70.0",
        "@oxlint/binding-linux-x64-musl": "1.70.0",
        "@oxlint/binding-openharmony-arm64": "1.70.0",
        "@oxlint/binding-win32-arm64-msvc": "1.70.0",
        "@oxlint/binding-win32-ia32-msvc": "1.70.0",
        "@oxlint/binding-win32-x64-msvc": "1.70.0"
      },
      "peerDependencies": {
        "oxlint-tsgolint": ">=0.22.1",
        "vite-plus": "*"
      },
      "peerDependenciesMeta": {
        "oxlint-tsgolint": {
          "optional": true
        },
        "vite-plus": {
          "optional": true
        }
      }
    },
    "node_modules/parse-json": {
      "version": "8.3.0",
      "dev": true,
      "license": "MIT",
      "dependencies": {
        "@babel/code-frame": "^7.26.2",
        "index-to-position": "^1.1.0",
        "type-fest": "^4.39.1"
      },
      "engines": {
        "node": ">=18"
      },
      "funding": {
        "url": "https://github.com/sponsors/sindresorhus"
      }
    },
    "node_modules/pathe": {
      "version": "2.0.3",
      "dev": true,
      "license": "MIT"
    },
    "node_modules/picocolors": {
      "version": "1.1.1",
      "dev": true,
      "license": "ISC"
    },
    "node_modules/picomatch": {
      "version": "4.0.4",
      "dev": true,
      "license": "MIT",
      "engines": {
        "node": ">=12"
      },
      "funding": {
        "url": "https://github.com/sponsors/jonschlinkert"
      }
    },
    "node_modules/pluralize": {
      "version": "8.0.0",
      "dev": true,
      "license": "MIT",
      "engines": {
        "node": ">=4"
      }
    },
    "node_modules/postcss": {
      "version": "8.5.15",
      "dev": true,
      "funding": [
        {
          "type": "opencollective",
          "url": "https://opencollective.com/postcss/"
        },
        {
          "type": "tidelift",
          "url": "https://tidelift.com/funding/github/npm/postcss"
        },
        {
          "type": "github",
          "url": "https://github.com/sponsors/ai"
        }
      ],
      "license": "MIT",
      "dependencies": {
        "nanoid": "^3.3.12",
        "picocolors": "^1.1.1",
        "source-map-js": "^1.2.1"
      },
      "engines": {
        "node": "^10 || ^12 || >=14"
      }
    },
    "node_modules/readdirp": {
      "version": "4.1.2",
      "dev": true,
      "license": "MIT",
      "engines": {
        "node": ">= 14.18.0"
      },
      "funding": {
        "type": "individual",
        "url": "https://paulmillr.com/funding/"
      }
    },
    "node_modules/require-from-string": {
      "version": "2.0.2",
      "dev": true,
      "license": "MIT",
      "engines": {
        "node": ">=0.10.0"
      }
    },
    "node_modules/rolldown": {
      "version": "1.0.3",
      "dev": true,
      "license": "MIT",
      "dependencies": {
        "@oxc-project/types": "=0.133.0",
        "@rolldown/pluginutils": "^1.0.0"
      },
      "bin": {
        "rolldown": "bin/cli.mjs"
      },
      "engines": {
        "node": "^20.19.0 || >=22.12.0"
      },
      "optionalDependencies": {
        "@rolldown/binding-android-arm64": "1.0.3",
        "@rolldown/binding-darwin-arm64": "1.0.3",
        "@rolldown/binding-darwin-x64": "1.0.3",
        "@rolldown/binding-freebsd-x64": "1.0.3",
        "@rolldown/binding-linux-arm-gnueabihf": "1.0.3",
        "@rolldown/binding-linux-arm64-gnu": "1.0.3",
        "@rolldown/binding-linux-arm64-musl": "1.0.3",
        "@rolldown/binding-linux-ppc64-gnu": "1.0.3",
        "@rolldown/binding-linux-s390x-gnu": "1.0.3",
        "@rolldown/binding-linux-x64-gnu": "1.0.3",
        "@rolldown/binding-linux-x64-musl": "1.0.3",
        "@rolldown/binding-openharmony-arm64": "1.0.3",
        "@rolldown/binding-wasm32-wasi": "1.0.3",
        "@rolldown/binding-win32-arm64-msvc": "1.0.3",
        "@rolldown/binding-win32-x64-msvc": "1.0.3"
      }
    },
    "node_modules/runed": {
      "version": "0.35.1",
      "funding": [
        "https://github.com/sponsors/huntabyte",
        "https://github.com/sponsors/tglide"
      ],
      "license": "MIT",
      "dependencies": {
        "dequal": "^2.0.3",
        "esm-env": "^1.0.0",
        "lz-string": "^1.5.0"
      },
      "peerDependencies": {
        "@sveltejs/kit": "^2.21.0",
        "svelte": "^5.7.0"
      },
      "peerDependenciesMeta": {
        "@sveltejs/kit": {
          "optional": true
        }
      }
    },
    "node_modules/sade": {
      "version": "1.8.1",
      "dev": true,
      "license": "MIT",
      "dependencies": {
        "mri": "^1.1.0"
      },
      "engines": {
        "node": ">=6"
      }
    },
    "node_modules/set-cookie-parser": {
      "version": "3.1.0",
      "dev": true,
      "license": "MIT"
    },
    "node_modules/siginfo": {
      "version": "2.0.0",
      "dev": true,
      "license": "ISC"
    },
    "node_modules/sirv": {
      "version": "3.0.2",
      "dev": true,
      "license": "MIT",
      "dependencies": {
        "@polka/url": "^1.0.0-next.24",
        "mrmime": "^2.0.0",
        "totalist": "^3.0.0"
      },
      "engines": {
        "node": ">=18"
      }
    },
    "node_modules/source-map-js": {
      "version": "1.2.1",
      "dev": true,
      "license": "BSD-3-Clause",
      "engines": {
        "node": ">=0.10.0"
      }
    },
    "node_modules/stackback": {
      "version": "0.0.2",
      "dev": true,
      "license": "MIT"
    },
    "node_modules/std-env": {
      "version": "4.1.0",
      "dev": true,
      "license": "MIT"
    },
    "node_modules/style-to-object": {
      "version": "1.0.14",
      "license": "MIT",
      "dependencies": {
        "inline-style-parser": "0.2.7"
      }
    },
    "node_modules/supports-color": {
      "version": "10.2.2",
      "dev": true,
      "license": "MIT",
      "engines": {
        "node": ">=18"
      },
      "funding": {
        "url": "https://github.com/chalk/supports-color?sponsor=1"
      }
    },
    "node_modules/svelte": {
      "version": "5.56.3",
      "dev": true,
      "license": "MIT",
      "dependencies": {
        "@jridgewell/remapping": "^2.3.4",
        "@jridgewell/sourcemap-codec": "^1.5.0",
        "@sveltejs/acorn-typescript": "^1.0.10",
        "@types/estree": "^1.0.5",
        "@types/trusted-types": "^2.0.7",
        "acorn": "^8.12.1",
        "aria-query": "5.3.1",
        "axobject-query": "^4.1.0",
        "clsx": "^2.1.1",
        "devalue": "^5.8.1",
        "esm-env": "^1.2.1",
        "esrap": "^2.2.11",
        "is-reference": "^3.0.3",
        "locate-character": "^3.0.0",
        "magic-string": "^0.30.11",
        "zimmerframe": "^1.1.2"
      },
      "engines": {
        "node": ">=18"
      }
    },
    "node_modules/svelte-check": {
      "version": "4.6.0",
      "dev": true,
      "license": "MIT",
      "dependencies": {
        "@jridgewell/trace-mapping": "^0.3.25",
        "@sveltejs/load-config": "0.1.1",
        "chokidar": "^4.0.1",
        "fdir": "^6.2.0",
        "picocolors": "^1.0.0",
        "sade": "^1.7.4"
      },
      "bin": {
        "svelte-check": "bin/svelte-check"
      },
      "engines": {
        "node": ">= 18.0.0"
      },
      "peerDependencies": {
        "svelte": "^4.0.0 || ^5.0.0-next.0",
        "typescript": ">=5.0.0"
      }
    },
    "node_modules/svelte-toolbelt": {
      "version": "0.10.6",
      "funding": [
        "https://github.com/sponsors/huntabyte"
      ],
      "dependencies": {
        "clsx": "^2.1.1",
        "runed": "^0.35.1",
        "style-to-object": "^1.0.8"
      },
      "engines": {
        "node": ">=18",
        "pnpm": ">=8.7.0"
      },
      "peerDependencies": {
        "svelte": "^5.30.2"
      }
    },
    "node_modules/tabbable": {
      "version": "6.4.0",
      "license": "MIT"
    },
    "node_modules/tinybench": {
      "version": "2.9.0",
      "dev": true,
      "license": "MIT"
    },
    "node_modules/tinyexec": {
      "version": "1.2.4",
      "dev": true,
      "license": "MIT",
      "engines": {
        "node": ">=18"
      }
    },
    "node_modules/tinyglobby": {
      "version": "0.2.17",
      "dev": true,
      "license": "MIT",
      "dependencies": {
        "fdir": "^6.5.0",
        "picomatch": "^4.0.4"
      },
      "engines": {
        "node": ">=12.0.0"
      },
      "funding": {
        "url": "https://github.com/sponsors/SuperchupuDev"
      }
    },
    "node_modules/tinypool": {
      "version": "2.1.0",
      "dev": true,
      "license": "MIT",
      "engines": {
        "node": "^20.0.0 || >=22.0.0"
      }
    },
    "node_modules/tinyrainbow": {
      "version": "3.1.0",
      "dev": true,
      "license": "MIT",
      "engines": {
        "node": ">=14.0.0"
      }
    },
    "node_modules/totalist": {
      "version": "3.0.1",
      "dev": true,
      "license": "MIT",
      "engines": {
        "node": ">=6"
      }
    },
    "node_modules/tslib": {
      "version": "2.8.1",
      "license": "0BSD"
    },
    "node_modules/type-fest": {
      "version": "4.41.0",
      "dev": true,
      "license": "(MIT OR CC0-1.0)",
      "engines": {
        "node": ">=16"
      },
      "funding": {
        "url": "https://github.com/sponsors/sindresorhus"
      }
    },
    "node_modules/typescript": {
      "version": "6.0.3",
      "dev": true,
      "license": "Apache-2.0",
      "bin": {
        "tsc": "bin/tsc",
        "tsserver": "bin/tsserver"
      },
      "engines": {
        "node": ">=14.17"
      }
    },
    "node_modules/undici-types": {
      "version": "6.21.0",
      "dev": true,
      "license": "MIT"
    },
    "node_modules/uri-js-replace": {
      "version": "1.0.1",
      "dev": true,
      "license": "MIT"
    },
    "node_modules/vite": {
      "version": "8.0.16",
      "dev": true,
      "license": "MIT",
      "dependencies": {
        "lightningcss": "^1.32.0",
        "picomatch": "^4.0.4",
        "postcss": "^8.5.15",
        "rolldown": "1.0.3",
        "tinyglobby": "^0.2.17"
      },
      "bin": {
        "vite": "bin/vite.js"
      },
      "engines": {
        "node": "^20.19.0 || >=22.12.0"
      },
      "funding": {
        "url": "https://github.com/vitejs/vite?sponsor=1"
      },
      "optionalDependencies": {
        "fsevents": "~2.3.3"
      },
      "peerDependencies": {
        "@types/node": "^20.19.0 || >=22.12.0",
        "@vitejs/devtools": "^0.1.18",
        "esbuild": "^0.27.0 || ^0.28.0",
        "jiti": ">=1.21.0",
        "less": "^4.0.0",
        "sass": "^1.70.0",
        "sass-embedded": "^1.70.0",
        "stylus": ">=0.54.8",
        "sugarss": "^5.0.0",
        "terser": "^5.16.0",
        "tsx": "^4.8.1",
        "yaml": "^2.4.2"
      },
      "peerDependenciesMeta": {
        "@types/node": {
          "optional": true
        },
        "@vitejs/devtools": {
          "optional": true
        },
        "esbuild": {
          "optional": true
        },
        "jiti": {
          "optional": true
        },
        "less": {
          "optional": true
        },
        "sass": {
          "optional": true
        },
        "sass-embedded": {
          "optional": true
        },
        "stylus": {
          "optional": true
        },
        "sugarss": {
          "optional": true
        },
        "terser": {
          "optional": true
        },
        "tsx": {
          "optional": true
        },
        "yaml": {
          "optional": true
        }
      }
    },
    "node_modules/vitefu": {
      "version": "1.1.3",
      "dev": true,
      "license": "MIT",
      "workspaces": [
        "tests/deps/*",
        "tests/projects/*",
        "tests/projects/workspace/packages/*"
      ],
      "peerDependencies": {
        "vite": "^3.0.0 || ^4.0.0 || ^5.0.0 || ^6.0.0 || ^7.0.0 || ^8.0.0"
      },
      "peerDependenciesMeta": {
        "vite": {
          "optional": true
        }
      }
    },
    "node_modules/vitest": {
      "version": "4.1.9",
      "dev": true,
      "license": "MIT",
      "dependencies": {
        "@vitest/expect": "4.1.9",
        "@vitest/mocker": "4.1.9",
        "@vitest/pretty-format": "4.1.9",
        "@vitest/runner": "4.1.9",
        "@vitest/snapshot": "4.1.9",
        "@vitest/spy": "4.1.9",
        "@vitest/utils": "4.1.9",
        "es-module-lexer": "^2.0.0",
        "expect-type": "^1.3.0",
        "magic-string": "^0.30.21",
        "obug": "^2.1.1",
        "pathe": "^2.0.3",
        "picomatch": "^4.0.3",
        "std-env": "^4.0.0-rc.1",
        "tinybench": "^2.9.0",
        "tinyexec": "^1.0.2",
        "tinyglobby": "^0.2.15",
        "tinyrainbow": "^3.1.0",
        "vite": "^6.0.0 || ^7.0.0 || ^8.0.0",
        "why-is-node-running": "^2.3.0"
      },
      "bin": {
        "vitest": "vitest.mjs"
      },
      "engines": {
        "node": "^20.0.0 || ^22.0.0 || >=24.0.0"
      },
      "funding": {
        "url": "https://opencollective.com/vitest"
      },
      "peerDependencies": {
        "@edge-runtime/vm": "*",
        "@opentelemetry/api": "^1.9.0",
        "@types/node": "^20.0.0 || ^22.0.0 || >=24.0.0",
        "@vitest/browser-playwright": "4.1.9",
        "@vitest/browser-preview": "4.1.9",
        "@vitest/browser-webdriverio": "4.1.9",
        "@vitest/coverage-istanbul": "4.1.9",
        "@vitest/coverage-v8": "4.1.9",
        "@vitest/ui": "4.1.9",
        "happy-dom": "*",
        "jsdom": "*",
        "vite": "^6.0.0 || ^7.0.0 || ^8.0.0"
      },
      "peerDependenciesMeta": {
        "@edge-runtime/vm": {
          "optional": true
        },
        "@opentelemetry/api": {
          "optional": true
        },
        "@types/node": {
          "optional": true
        },
        "@vitest/browser-playwright": {
          "optional": true
        },
        "@vitest/browser-preview": {
          "optional": true
        },
        "@vitest/browser-webdriverio": {
          "optional": true
        },
        "@vitest/coverage-istanbul": {
          "optional": true
        },
        "@vitest/coverage-v8": {
          "optional": true
        },
        "@vitest/ui": {
          "optional": true
        },
        "happy-dom": {
          "optional": true
        },
        "jsdom": {
          "optional": true
        },
        "vite": {
          "optional": false
        }
      }
    },
    "node_modules/why-is-node-running": {
      "version": "2.3.0",
      "dev": true,
      "license": "MIT",
      "dependencies": {
        "siginfo": "^2.0.0",
        "stackback": "0.0.2"
      },
      "bin": {
        "why-is-node-running": "cli.js"
      },
      "engines": {
        "node": ">=8"
      }
    },
    "node_modules/yaml-ast-parser": {
      "version": "0.0.43",
      "dev": true,
      "license": "Apache-2.0"
    },
    "node_modules/yargs-parser": {
      "version": "21.1.1",
      "dev": true,
      "license": "ISC",
      "engines": {
        "node": ">=12"
      }
    },
    "node_modules/zimmerframe": {
      "version": "1.1.4",
      "dev": true,
      "license": "MIT"
    }
  }
}
